
Microsoft Visual Studio Solution File, Format Version 12.00
# Visual Studio Version 17
VisualStudioVersion = 17.2.32519.379
MinimumVisualStudioVersion = 10.0.40219.1
Project("{FAE04EC0-301F-11D3-BF4B-00C04F79EFBC}") = "Member_Details_Save_file", "Member_Details_Save_file\Member_Details_Save_file.csproj", "{16E409CE-4CA3-4C6E-9274-DB05D7E546A5}"
EndProject
Global
	GlobalSection(SolutionConfigurationPlatforms) = preSolution
		Debug|Any CPU = Debug|Any CPU
		Release|Any CPU = Release|Any CPU
	EndGlobalSection
	GlobalSection(ProjectConfigurationPlatforms) = postSolution
		{16E409CE-4CA3-4C6E-9274-DB05D7E546A5}.Debug|Any CPU.ActiveCfg = Debug|Any CPU
		{16E409CE-4CA3-4C6E-9274-DB05D7E546A5}.Debug|Any CPU.Build.0 = Debug|Any CPU
		{16E409CE-4CA3-4C6E-9274-DB05D7E546A5}.Release|Any CPU.ActiveCfg = Release|Any CPU
		{16E409CE-4CA3-4C6E-9274-DB05D7E546A5}.Release|Any CPU.Build.0 = Release|Any CPU
	EndGlobalSection
	GlobalSection(SolutionProperties) = preSolution
		HideSolutionNode = FALSE
	EndGlobalSection
	GlobalSection(ExtensibilityGlobals) = postSolution
		SolutionGuid = {B13ED9E1-5B17-4DB3-8A76-191A2E13FED5}
	EndGlobalSection
EndGlobal
